// !$*UTF8*$!
{
	archiveVersion = 1;
	classes = {
	};
	objectVersion = 55;
	objects = {

/* Begin PBXBuildFile section */
		10CDFCF31455E1B449D9CC00 /* Pods_MuseumApp_MuseumAppUITests.framework in Frameworks */ = {isa = PBXBuildFile; fileRef = D857ACC2E789AEFD10A5C50D /* Pods_MuseumApp_MuseumAppUITests.framework */; };
		2D042180277D71CD0012C208 /* UIApplication+Additions.swift in Sources */ = {isa = PBXBuildFile; fileRef = 2D04217F277D71CD0012C208 /* UIApplication+Additions.swift */; };
		2D042184277D7EDB0012C208 /* ObjectDetails.storyboard in Resources */ = {isa = PBXBuildFile; fileRef = 2D042183277D7EDB0012C208 /* ObjectDetails.storyboard */; };
		2D042186277D7EF00012C208 /* ObjectDetailsViewController.swift in Sources */ = {isa = PBXBuildFile; fileRef = 2D042185277D7EF00012C208 /* ObjectDetailsViewController.swift */; };
		2D042188277D7F000012C208 /* ObjectDetailsViewModel.swift in Sources */ = {isa = PBXBuildFile; fileRef = 2D042187277D7F000012C208 /* ObjectDetailsViewModel.swift */; };
		2D5726C427701C5E005FC90E /* AppDelegate.swift in Sources */ = {isa = PBXBuildFile; fileRef = 2D5726C327701C5E005FC90E /* AppDelegate.swift */; };
		2D5726CD27701C60005FC90E /* Assets.xcassets in Resources */ = {isa = PBXBuildFile; fileRef = 2D5726CC27701C60005FC90E /* Assets.xcassets */; };
		2D5726D027701C60005FC90E /* LaunchScreen.storyboard in Resources */ = {isa = PBXBuildFile; fileRef = 2D5726CE27701C60005FC90E /* LaunchScreen.storyboard */; };
		2D5726E527701C61005FC90E /* MuseumAppUITests.swift in Sources */ = {isa = PBXBuildFile; fileRef = 2D5726E427701C61005FC90E /* MuseumAppUITests.swift */; };
		2D5726E727701C61005FC90E /* MuseumAppUITestsLaunchTests.swift in Sources */ = {isa = PBXBuildFile; fileRef = 2D5726E627701C61005FC90E /* MuseumAppUITestsLaunchTests.swift */; };
		2D5726FC27705A0A005FC90E /* SearchObjects.storyboard in Resources */ = {isa = PBXBuildFile; fileRef = 2D5726FB27705A0A005FC90E /* SearchObjects.storyboard */; };
		2D5726FE27705A18005FC90E /* SearchObjectsViewController.swift in Sources */ = {isa = PBXBuildFile; fileRef = 2D5726FD27705A18005FC90E /* SearchObjectsViewController.swift */; };
		2D57270027705A41005FC90E /* SearchObjectsViewModel.swift in Sources */ = {isa = PBXBuildFile; fileRef = 2D5726FF27705A41005FC90E /* SearchObjectsViewModel.swift */; };
		2D581E5D277EA6E500B0F6DC /* ObjectDetailsSimpleTableViewCell.swift in Sources */ = {isa = PBXBuildFile; fileRef = 2D581E5B277EA6E500B0F6DC /* ObjectDetailsSimpleTableViewCell.swift */; };
		2D581E5E277EA6E500B0F6DC /* ObjectDetailsSimpleTableViewCell.xib in Resources */ = {isa = PBXBuildFile; fileRef = 2D581E5C277EA6E500B0F6DC /* ObjectDetailsSimpleTableViewCell.xib */; };
		2D581E62277EB67600B0F6DC /* ObjectImagesCollectionViewCell.swift in Sources */ = {isa = PBXBuildFile; fileRef = 2D581E60277EB67600B0F6DC /* ObjectImagesCollectionViewCell.swift */; };
		2D581E63277EB67600B0F6DC /* ObjectImagesCollectionViewCell.xib in Resources */ = {isa = PBXBuildFile; fileRef = 2D581E61277EB67600B0F6DC /* ObjectImagesCollectionViewCell.xib */; };
		2D581E65277EB6FF00B0F6DC /* UICollectionView+Images.swift in Sources */ = {isa = PBXBuildFile; fileRef = 2D581E64277EB6FF00B0F6DC /* UICollectionView+Images.swift */; };
		2D581E67277EBDDE00B0F6DC /* UIImageView+Additions.swift in Sources */ = {isa = PBXBuildFile; fileRef = 2D581E66277EBDDE00B0F6DC /* UIImageView+Additions.swift */; };
		2D581E69277EF66700B0F6DC /* UIDevice+Additions.swift in Sources */ = {isa = PBXBuildFile; fileRef = 2D581E68277EF66700B0F6DC /* UIDevice+Additions.swift */; };
		2D6D5E51277AD0F600BD96CF /* NetworkManager.swift in Sources */ = {isa = PBXBuildFile; fileRef = 2D6D5E4E277AD0F600BD96CF /* NetworkManager.swift */; };
		2D6D5E52277AD0F600BD96CF /* API.swift in Sources */ = {isa = PBXBuildFile; fileRef = 2D6D5E4F277AD0F600BD96CF /* API.swift */; };
		2D6D5E53277AD0F600BD96CF /* EndPoint.swift in Sources */ = {isa = PBXBuildFile; fileRef = 2D6D5E50277AD0F600BD96CF /* EndPoint.swift */; };
		2D6D5E58277AFF0A00BD96CF /* Error+Additions.swift in Sources */ = {isa = PBXBuildFile; fileRef = 2D6D5E57277AFF0A00BD96CF /* Error+Additions.swift */; };
		2D6D5E5A277B066F00BD96CF /* ObjectsAPIService.swift in Sources */ = {isa = PBXBuildFile; fileRef = 2D6D5E59277B066F00BD96CF /* ObjectsAPIService.swift */; };
		2D6D5E5C277B155A00BD96CF /* ArtObject.swift in Sources */ = {isa = PBXBuildFile; fileRef = 2D6D5E5B277B155A00BD96CF /* ArtObject.swift */; };
		2D6D5E5E277B16EB00BD96CF /* Tag.swift in Sources */ = {isa = PBXBuildFile; fileRef = 2D6D5E5D277B16EB00BD96CF /* Tag.swift */; };
		2D6D5E60277B16F800BD96CF /* Measurement.swift in Sources */ = {isa = PBXBuildFile; fileRef = 2D6D5E5F277B16F800BD96CF /* Measurement.swift */; };
		2D6D5E62277B170400BD96CF /* Constituent.swift in Sources */ = {isa = PBXBuildFile; fileRef = 2D6D5E61277B170400BD96CF /* Constituent.swift */; };
		2D6D5E64277B399600BD96CF /* Data+Additions.swift in Sources */ = {isa = PBXBuildFile; fileRef = 2D6D5E63277B399600BD96CF /* Data+Additions.swift */; };
		2D6D5E6E277B401B00BD96CF /* EndPoint+Mocking.swift in Sources */ = {isa = PBXBuildFile; fileRef = 2D6D5E6D277B401B00BD96CF /* EndPoint+Mocking.swift */; };
		2D6D5E71277B41B300BD96CF /* ObjectDetails.json in Resources */ = {isa = PBXBuildFile; fileRef = 2D6D5E6F277B41B300BD96CF /* ObjectDetails.json */; };
		2D6D5E72277B41B300BD96CF /* SearchObjects.json in Resources */ = {isa = PBXBuildFile; fileRef = 2D6D5E70277B41B300BD96CF /* SearchObjects.json */; };
		2D6D5E76277B473300BD96CF /* MockNetworkManager.swift in Sources */ = {isa = PBXBuildFile; fileRef = 2D6D5E75277B473300BD96CF /* MockNetworkManager.swift */; };
		2D8B9BC827813A6B00ED48AB /* SearchObjectsTestCases.swift in Sources */ = {isa = PBXBuildFile; fileRef = 2D8B9BC727813A6B00ED48AB /* SearchObjectsTestCases.swift */; };
		2D8B9BCA27813A8300ED48AB /* ObjectDetailsTestCases.swift in Sources */ = {isa = PBXBuildFile; fileRef = 2D8B9BC927813A8300ED48AB /* ObjectDetailsTestCases.swift */; };
		2D8B9BCE278152EB00ED48AB /* MockManagerTestCases.swift in Sources */ = {isa = PBXBuildFile; fileRef = 2D8B9BCD278152EB00ED48AB /* MockManagerTestCases.swift */; };
		2DD25162277C0E150018820C /* BaseViewController.swift in Sources */ = {isa = PBXBuildFile; fileRef = 2DD25161277C0E150018820C /* BaseViewController.swift */; };
		2DD25164277C482E0018820C /* BaseViewModel.swift in Sources */ = {isa = PBXBuildFile; fileRef = 2DD25163277C482E0018820C /* BaseViewModel.swift */; };
		2DD25166277C81480018820C /* UIAlertController+Additions.swift in Sources */ = {isa = PBXBuildFile; fileRef = 2DD25165277C81480018820C /* UIAlertController+Additions.swift */; };
		2DD25168277C81660018820C /* UIViewController+Additions.swift in Sources */ = {isa = PBXBuildFile; fileRef = 2DD25167277C81660018820C /* UIViewController+Additions.swift */; };
		2DD2516A277CB44F0018820C /* Collection+Additions.swift in Sources */ = {isa = PBXBuildFile; fileRef = 2DD25169277CB44F0018820C /* Collection+Additions.swift */; };
		2DD2516D277CB6D30018820C /* SearchResultTableViewCell.swift in Sources */ = {isa = PBXBuildFile; fileRef = 2DD2516B277CB6D30018820C /* SearchResultTableViewCell.swift */; };
		2DD2516E277CB6D30018820C /* SearchResultTableViewCell.xib in Resources */ = {isa = PBXBuildFile; fileRef = 2DD2516C277CB6D30018820C /* SearchResultTableViewCell.xib */; };
		2DD25172277CBE640018820C /* UITableView+Additions.swift in Sources */ = {isa = PBXBuildFile; fileRef = 2DD25171277CBE640018820C /* UITableView+Additions.swift */; };
		2DD81C59277188D9001237F8 /* Coordinator.swift in Sources */ = {isa = PBXBuildFile; fileRef = 2DD81C58277188D9001237F8 /* Coordinator.swift */; };
		2DD81C5B2771D6B6001237F8 /* AppCoordinator.swift in Sources */ = {isa = PBXBuildFile; fileRef = 2DD81C5A2771D6B6001237F8 /* AppCoordinator.swift */; };
		2DD81C5E2771D93D001237F8 /* UIStoryboard+Additions.swift in Sources */ = {isa = PBXBuildFile; fileRef = 2DD81C5D2771D93D001237F8 /* UIStoryboard+Additions.swift */; };
		2DD81C602771DB21001237F8 /* NSObjectProtocol+Additions.swift in Sources */ = {isa = PBXBuildFile; fileRef = 2DD81C5F2771DB21001237F8 /* NSObjectProtocol+Additions.swift */; };
		2DD81C642772263E001237F8 /* Transition.swift in Sources */ = {isa = PBXBuildFile; fileRef = 2DD81C632772263E001237F8 /* Transition.swift */; };
		E007A1CE309D60D4EEDBA87F /* Pods_MuseumAppTests.framework in Frameworks */ = {isa = PBXBuildFile; fileRef = 1A5F2F9E2EABAF5BC5BE9A0A /* Pods_MuseumAppTests.framework */; };
		E77EAFF574A2F0C8697FA58E /* Pods_MuseumApp.framework in Frameworks */ = {isa = PBXBuildFile; fileRef = 87D00582DFC48B5269659035 /* Pods_MuseumApp.framework */; };
/* End PBXBuildFile section */

/* Begin PBXContainerItemProxy section */
		2D5726D727701C61005FC90E /* PBXContainerItemProxy */ = {
			isa = PBXContainerItemProxy;
			containerPortal = 2D5726B827701C5E005FC90E /* Project object */;
			proxyType = 1;
			remoteGlobalIDString = 2D5726BF27701C5E005FC90E;
			remoteInfo = MuseumApp;
		};
		2D5726E127701C61005FC90E /* PBXContainerItemProxy */ = {
			isa = PBXContainerItemProxy;
			containerPortal = 2D5726B827701C5E005FC90E /* Project object */;
			proxyType = 1;
			remoteGlobalIDString = 2D5726BF27701C5E005FC90E;
			remoteInfo = MuseumApp;
		};
/* End PBXContainerItemProxy section */

/* Begin PBXFileReference section */
		1A5F2F9E2EABAF5BC5BE9A0A /* Pods_MuseumAppTests.framework */ = {isa = PBXFileReference; explicitFileType = wrapper.framework; includeInIndex = 0; path = Pods_MuseumAppTests.framework; sourceTree = BUILT_PRODUCTS_DIR; };
		2D04217F277D71CD0012C208 /* UIApplication+Additions.swift */ = {isa = PBXFileReference; lastKnownFileType = sourcecode.swift; path = "UIApplication+Additions.swift"; sourceTree = "<group>"; };
		2D042183277D7EDB0012C208 /* ObjectDetails.storyboard */ = {isa = PBXFileReference; lastKnownFileType = file.storyboard; path = ObjectDetails.storyboard; sourceTree = "<group>"; };
		2D042185277D7EF00012C208 /* ObjectDetailsViewController.swift */ = {isa = PBXFileReference; lastKnownFileType = sourcecode.swift; path = ObjectDetailsViewController.swift; sourceTree = "<group>"; };
		2D042187277D7F000012C208 /* ObjectDetailsViewModel.swift */ = {isa = PBXFileReference; lastKnownFileType = sourcecode.swift; path = ObjectDetailsViewModel.swift; sourceTree = "<group>"; };
		2D5726C027701C5E005FC90E /* MuseumApp.app */ = {isa = PBXFileReference; explicitFileType = wrapper.application; includeInIndex = 0; path = MuseumApp.app; sourceTree = BUILT_PRODUCTS_DIR; };
		2D5726C327701C5E005FC90E /* AppDelegate.swift */ = {isa = PBXFileReference; lastKnownFileType = sourcecode.swift; path = AppDelegate.swift; sourceTree = "<group>"; };
		2D5726CC27701C60005FC90E /* Assets.xcassets */ = {isa = PBXFileReference; lastKnownFileType = folder.assetcatalog; path = Assets.xcassets; sourceTree = "<group>"; };
		2D5726CF27701C60005FC90E /* Base */ = {isa = PBXFileReference; lastKnownFileType = file.storyboard; name = Base; path = Base.lproj/LaunchScreen.storyboard; sourceTree = "<group>"; };
		2D5726D127701C60005FC90E /* Info.plist */ = {isa = PBXFileReference; lastKnownFileType = text.plist.xml; path = Info.plist; sourceTree = "<group>"; };
		2D5726D627701C61005FC90E /* MuseumAppTests.xctest */ = {isa = PBXFileReference; explicitFileType = wrapper.cfbundle; includeInIndex = 0; path = MuseumAppTests.xctest; sourceTree = BUILT_PRODUCTS_DIR; };
		2D5726E027701C61005FC90E /* MuseumAppUITests.xctest */ = {isa = PBXFileReference; explicitFileType = wrapper.cfbundle; includeInIndex = 0; path = MuseumAppUITests.xctest; sourceTree = BUILT_PRODUCTS_DIR; };
		2D5726E427701C61005FC90E /* MuseumAppUITests.swift */ = {isa = PBXFileReference; lastKnownFileType = sourcecode.swift; path = MuseumAppUITests.swift; sourceTree = "<group>"; };
		2D5726E627701C61005FC90E /* MuseumAppUITestsLaunchTests.swift */ = {isa = PBXFileReference; lastKnownFileType = sourcecode.swift; path = MuseumAppUITestsLaunchTests.swift; sourceTree = "<group>"; };
		2D5726FB27705A0A005FC90E /* SearchObjects.storyboard */ = {isa = PBXFileReference; lastKnownFileType = file.storyboard; path = SearchObjects.storyboard; sourceTree = "<group>"; };
		2D5726FD27705A18005FC90E /* SearchObjectsViewController.swift */ = {isa = PBXFileReference; lastKnownFileType = sourcecode.swift; path = SearchObjectsViewController.swift; sourceTree = "<group>"; };
		2D5726FF27705A41005FC90E /* SearchObjectsViewModel.swift */ = {isa = PBXFileReference; lastKnownFileType = sourcecode.swift; path = SearchObjectsViewModel.swift; sourceTree = "<group>"; };
		2D581E5B277EA6E500B0F6DC /* ObjectDetailsSimpleTableViewCell.swift */ = {isa = PBXFileReference; lastKnownFileType = sourcecode.swift; path = ObjectDetailsSimpleTableViewCell.swift; sourceTree = "<group>"; };
		2D581E5C277EA6E500B0F6DC /* ObjectDetailsSimpleTableViewCell.xib */ = {isa = PBXFileReference; lastKnownFileType = file.xib; path = ObjectDetailsSimpleTableViewCell.xib; sourceTree = "<group>"; };
		2D581E60277EB67600B0F6DC /* ObjectImagesCollectionViewCell.swift */ = {isa = PBXFileReference; lastKnownFileType = sourcecode.swift; path = ObjectImagesCollectionViewCell.swift; sourceTree = "<group>"; };
		2D581E61277EB67600B0F6DC /* ObjectImagesCollectionViewCell.xib */ = {isa = PBXFileReference; lastKnownFileType = file.xib; path = ObjectImagesCollectionViewCell.xib; sourceTree = "<group>"; };
		2D581E64277EB6FF00B0F6DC /* UICollectionView+Images.swift */ = {isa = PBXFileReference; lastKnownFileType = sourcecode.swift; path = "UICollectionView+Images.swift"; sourceTree = "<group>"; };
		2D581E66277EBDDE00B0F6DC /* UIImageView+Additions.swift */ = {isa = PBXFileReference; lastKnownFileType = sourcecode.swift; path = "UIImageView+Additions.swift"; sourceTree = "<group>"; };
		2D581E68277EF66700B0F6DC /* UIDevice+Additions.swift */ = {isa = PBXFileReference; lastKnownFileType = sourcecode.swift; path = "UIDevice+Additions.swift"; sourceTree = "<group>"; };
		2D6D5E4E277AD0F600BD96CF /* NetworkManager.swift */ = {isa = PBXFileReference; fileEncoding = 4; lastKnownFileType = sourcecode.swift; path = NetworkManager.swift; sourceTree = "<group>"; };
		2D6D5E4F277AD0F600BD96CF /* API.swift */ = {isa = PBXFileReference; fileEncoding = 4; lastKnownFileType = sourcecode.swift; path = API.swift; sourceTree = "<group>"; };
		2D6D5E50277AD0F600BD96CF /* EndPoint.swift */ = {isa = PBXFileReference; fileEncoding = 4; lastKnownFileType = sourcecode.swift; path = EndPoint.swift; sourceTree = "<group>"; };
		2D6D5E57277AFF0A00BD96CF /* Error+Additions.swift */ = {isa = PBXFileReference; lastKnownFileType = sourcecode.swift; path = "Error+Additions.swift"; sourceTree = "<group>"; };
		2D6D5E59277B066F00BD96CF /* ObjectsAPIService.swift */ = {isa = PBXFileReference; lastKnownFileType = sourcecode.swift; path = ObjectsAPIService.swift; sourceTree = "<group>"; };
		2D6D5E5B277B155A00BD96CF /* ArtObject.swift */ = {isa = PBXFileReference; lastKnownFileType = sourcecode.swift; path = ArtObject.swift; sourceTree = "<group>"; };
		2D6D5E5D277B16EB00BD96CF /* Tag.swift */ = {isa = PBXFileReference; lastKnownFileType = sourcecode.swift; path = Tag.swift; sourceTree = "<group>"; };
		2D6D5E5F277B16F800BD96CF /* Measurement.swift */ = {isa = PBXFileReference; lastKnownFileType = sourcecode.swift; path = Measurement.swift; sourceTree = "<group>"; };
		2D6D5E61277B170400BD96CF /* Constituent.swift */ = {isa = PBXFileReference; lastKnownFileType = sourcecode.swift; path = Constituent.swift; sourceTree = "<group>"; };
		2D6D5E63277B399600BD96CF /* Data+Additions.swift */ = {isa = PBXFileReference; lastKnownFileType = sourcecode.swift; path = "Data+Additions.swift"; sourceTree = "<group>"; };
		2D6D5E6D277B401B00BD96CF /* EndPoint+Mocking.swift */ = {isa = PBXFileReference; lastKnownFileType = sourcecode.swift; path = "EndPoint+Mocking.swift"; sourceTree = "<group>"; };
		2D6D5E6F277B41B300BD96CF /* ObjectDetails.json */ = {isa = PBXFileReference; fileEncoding = 4; lastKnownFileType = text.json; path = ObjectDetails.json; sourceTree = "<group>"; };
		2D6D5E70277B41B300BD96CF /* SearchObjects.json */ = {isa = PBXFileReference; fileEncoding = 4; lastKnownFileType = text.json; path = SearchObjects.json; sourceTree = "<group>"; };
		2D6D5E75277B473300BD96CF /* MockNetworkManager.swift */ = {isa = PBXFileReference; lastKnownFileType = sourcecode.swift; path = MockNetworkManager.swift; sourceTree = "<group>"; };
		2D8B9BC727813A6B00ED48AB /* SearchObjectsTestCases.swift */ = {isa = PBXFileReference; lastKnownFileType = sourcecode.swift; path = SearchObjectsTestCases.swift; sourceTree = "<group>"; };
		2D8B9BC927813A8300ED48AB /* ObjectDetailsTestCases.swift */ = {isa = PBXFileReference; lastKnownFileType = sourcecode.swift; path = ObjectDetailsTestCases.swift; sourceTree = "<group>"; };
		2D8B9BCD278152EB00ED48AB /* MockManagerTestCases.swift */ = {isa = PBXFileReference; lastKnownFileType = sourcecode.swift; path = MockManagerTestCases.swift; sourceTree = "<group>"; };
		2DD25161277C0E150018820C /* BaseViewController.swift */ = {isa = PBXFileReference; lastKnownFileType = sourcecode.swift; path = BaseViewController.swift; sourceTree = "<group>"; };
		2DD25163277C482E0018820C /* BaseViewModel.swift */ = {isa = PBXFileReference; lastKnownFileType = sourcecode.swift; path = BaseViewModel.swift; sourceTree = "<group>"; };
		2DD25165277C81480018820C /* UIAlertController+Additions.swift */ = {isa = PBXFileReference; lastKnownFileType = sourcecode.swift; path = "UIAlertController+Additions.swift"; sourceTree = "<group>"; };
		2DD25167277C81660018820C /* UIViewController+Additions.swift */ = {isa = PBXFileReference; lastKnownFileType = sourcecode.swift; path = "UIViewController+Additions.swift"; sourceTree = "<group>"; };
		2DD25169277CB44F0018820C /* Collection+Additions.swift */ = {isa = PBXFileReference; lastKnownFileType = sourcecode.swift; path = "Collection+Additions.swift"; sourceTree = "<group>"; };
		2DD2516B277CB6D30018820C /* SearchResultTableViewCell.swift */ = {isa = PBXFileReference; lastKnownFileType = sourcecode.swift; path = SearchResultTableViewCell.swift; sourceTree = "<group>"; };
		2DD2516C277CB6D30018820C /* SearchResultTableViewCell.xib */ = {isa = PBXFileReference; lastKnownFileType = file.xib; path = SearchResultTableViewCell.xib; sourceTree = "<group>"; };
		2DD25171277CBE640018820C /* UITableView+Additions.swift */ = {isa = PBXFileReference; lastKnownFileType = sourcecode.swift; path = "UITableView+Additions.swift"; sourceTree = "<group>"; };
		2DD81C58277188D9001237F8 /* Coordinator.swift */ = {isa = PBXFileReference; lastKnownFileType = sourcecode.swift; path = Coordinator.swift; sourceTree = "<group>"; };
		2DD81C5A2771D6B6001237F8 /* AppCoordinator.swift */ = {isa = PBXFileReference; lastKnownFileType = sourcecode.swift; path = AppCoordinator.swift; sourceTree = "<group>"; };
		2DD81C5D2771D93D001237F8 /* UIStoryboard+Additions.swift */ = {isa = PBXFileReference; lastKnownFileType = sourcecode.swift; path = "UIStoryboard+Additions.swift"; sourceTree = "<group>"; };
		2DD81C5F2771DB21001237F8 /* NSObjectProtocol+Additions.swift */ = {isa = PBXFileReference; lastKnownFileType = sourcecode.swift; path = "NSObjectProtocol+Additions.swift"; sourceTree = "<group>"; };
		2DD81C632772263E001237F8 /* Transition.swift */ = {isa = PBXFileReference; fileEncoding = 4; lastKnownFileType = sourcecode.swift; path = Transition.swift; sourceTree = "<group>"; };
		5A5C6275216514E665311DD2 /* Pods-MuseumApp-MuseumAppUITests.debug.xcconfig */ = {isa = PBXFileReference; includeInIndex = 1; lastKnownFileType = text.xcconfig; name = "Pods-MuseumApp-MuseumAppUITests.debug.xcconfig"; path = "Target Support Files/Pods-MuseumApp-MuseumAppUITests/Pods-MuseumApp-MuseumAppUITests.debug.xcconfig"; sourceTree = "<group>"; };
		6EBDF792448EB219DF6ABCB2 /* Pods-MuseumAppTests.debug.xcconfig */ = {isa = PBXFileReference; includeInIndex = 1; lastKnownFileType = text.xcconfig; name = "Pods-MuseumAppTests.debug.xcconfig"; path = "Target Support Files/Pods-MuseumAppTests/Pods-MuseumAppTests.debug.xcconfig"; sourceTree = "<group>"; };
		87D00582DFC48B5269659035 /* Pods_MuseumApp.framework */ = {isa = PBXFileReference; explicitFileType = wrapper.framework; includeInIndex = 0; path = Pods_MuseumApp.framework; sourceTree = BUILT_PRODUCTS_DIR; };
		D10E888D53600FEF4B1772E3 /* Pods-MuseumApp.release.xcconfig */ = {isa = PBXFileReference; includeInIndex = 1; lastKnownFileType = text.xcconfig; name = "Pods-MuseumApp.release.xcconfig"; path = "Target Support Files/Pods-MuseumApp/Pods-MuseumApp.release.xcconfig"; sourceTree = "<group>"; };
		D857ACC2E789AEFD10A5C50D /* Pods_MuseumApp_MuseumAppUITests.framework */ = {isa = PBXFileReference; explicitFileType = wrapper.framework; includeInIndex = 0; path = Pods_MuseumApp_MuseumAppUITests.framework; sourceTree = BUILT_PRODUCTS_DIR; };
		EAACEC6D83370971620F734E /* Pods-MuseumApp-MuseumAppUITests.release.xcconfig */ = {isa = PBXFileReference; includeInIndex = 1; lastKnownFileType = text.xcconfig; name = "Pods-MuseumApp-MuseumAppUITests.release.xcconfig"; path = "Target Support Files/Pods-MuseumApp-MuseumAppUITests/Pods-MuseumApp-MuseumAppUITests.release.xcconfig"; sourceTree = "<group>"; };
		F5167E1EF6460B4FF12838E5 /* Pods-MuseumAppTests.release.xcconfig */ = {isa = PBXFileReference; includeInIndex = 1; lastKnownFileType = text.xcconfig; name = "Pods-MuseumAppTests.release.xcconfig"; path = "Target Support Files/Pods-MuseumAppTests/Pods-MuseumAppTests.release.xcconfig"; sourceTree = "<group>"; };
		FFEFA25F8B55D8D278916227 /* Pods-MuseumApp.debug.xcconfig */ = {isa = PBXFileReference; includeInIndex = 1; lastKnownFileType = text.xcconfig; name = "Pods-MuseumApp.debug.xcconfig"; path = "Target Support Files/Pods-MuseumApp/Pods-MuseumApp.debug.xcconfig"; sourceTree = "<group>"; };
/* End PBXFileReference section */

/* Begin PBXFrameworksBuildPhase section */
		2D5726BD27701C5E005FC90E /* Frameworks */ = {
			isa = PBXFrameworksBuildPhase;
			buildActionMask = 2147483647;
			files = (
				E77EAFF574A2F0C8697FA58E /* Pods_MuseumApp.framework in Frameworks */,
			);
			runOnlyForDeploymentPostprocessing = 0;
		};
		2D5726D327701C61005FC90E /* Frameworks */ = {
			isa = PBXFrameworksBuildPhase;
			buildActionMask = 2147483647;
			files = (
				E007A1CE309D60D4EEDBA87F /* Pods_MuseumAppTests.framework in Frameworks */,
			);
			runOnlyForDeploymentPostprocessing = 0;
		};
		2D5726DD27701C61005FC90E /* Frameworks */ = {
			isa = PBXFrameworksBuildPhase;
			buildActionMask = 2147483647;
			files = (
				10CDFCF31455E1B449D9CC00 /* Pods_MuseumApp_MuseumAppUITests.framework in Frameworks */,
			);
			runOnlyForDeploymentPostprocessing = 0;
		};
/* End PBXFrameworksBuildPhase section */

/* Begin PBXGroup section */
		071F89A0048AD83EC2048192 /* Pods */ = {
			isa = PBXGroup;
			children = (
				FFEFA25F8B55D8D278916227 /* Pods-MuseumApp.debug.xcconfig */,
				D10E888D53600FEF4B1772E3 /* Pods-MuseumApp.release.xcconfig */,
				5A5C6275216514E665311DD2 /* Pods-MuseumApp-MuseumAppUITests.debug.xcconfig */,
				EAACEC6D83370971620F734E /* Pods-MuseumApp-MuseumAppUITests.release.xcconfig */,
				6EBDF792448EB219DF6ABCB2 /* Pods-MuseumAppTests.debug.xcconfig */,
				F5167E1EF6460B4FF12838E5 /* Pods-MuseumAppTests.release.xcconfig */,
			);
			path = Pods;
			sourceTree = "<group>";
		};
		2D04217E277D6E2F0012C208 /* ObjectDetails */ = {
			isa = PBXGroup;
			children = (
				2D042182277D7ECD0012C208 /* View */,
				2D042181277D7EC60012C208 /* ViewModel */,
			);
			path = ObjectDetails;
			sourceTree = "<group>";
		};
		2D042181277D7EC60012C208 /* ViewModel */ = {
			isa = PBXGroup;
			children = (
				2D042187277D7F000012C208 /* ObjectDetailsViewModel.swift */,
			);
			path = ViewModel;
			sourceTree = "<group>";
		};
		2D042182277D7ECD0012C208 /* View */ = {
			isa = PBXGroup;
			children = (
				2D042185277D7EF00012C208 /* ObjectDetailsViewController.swift */,
				2D042183277D7EDB0012C208 /* ObjectDetails.storyboard */,
			);
			path = View;
			sourceTree = "<group>";
		};
		2D5726B727701C5E005FC90E = {
			isa = PBXGroup;
			children = (
				2D5726C227701C5E005FC90E /* MuseumApp */,
				2D5726D927701C61005FC90E /* MuseumAppTests */,
				2D5726E327701C61005FC90E /* MuseumAppUITests */,
				2D5726C127701C5E005FC90E /* Products */,
				071F89A0048AD83EC2048192 /* Pods */,
				A2D20CC37BA4CA40FECEF87B /* Frameworks */,
			);
			sourceTree = "<group>";
		};
		2D5726C127701C5E005FC90E /* Products */ = {
			isa = PBXGroup;
			children = (
				2D5726C027701C5E005FC90E /* MuseumApp.app */,
				2D5726D627701C61005FC90E /* MuseumAppTests.xctest */,
				2D5726E027701C61005FC90E /* MuseumAppUITests.xctest */,
			);
			name = Products;
			sourceTree = "<group>";
		};
		2D5726C227701C5E005FC90E /* MuseumApp */ = {
			isa = PBXGroup;
			children = (
				2D5726F327702583005FC90E /* Application */,
				2D5726F7277058E9005FC90E /* Utilities */,
				2D6D5E4C277AD0C100BD96CF /* Networking */,
				2DD81C5027718694001237F8 /* Coordinators */,
				2DD81C51277186A8001237F8 /* Views */,
				2D5726F627702592005FC90E /* Stories */,
				2D5726F427702588005FC90E /* Models */,
				2D5726F52770258E005FC90E /* Resources */,
			);
			path = MuseumApp;
			sourceTree = "<group>";
		};
		2D5726D927701C61005FC90E /* MuseumAppTests */ = {
			isa = PBXGroup;
			children = (
				2D8B9BC727813A6B00ED48AB /* SearchObjectsTestCases.swift */,
				2D8B9BC927813A8300ED48AB /* ObjectDetailsTestCases.swift */,
				2D8B9BCD278152EB00ED48AB /* MockManagerTestCases.swift */,
			);
			path = MuseumAppTests;
			sourceTree = "<group>";
		};
		2D5726E327701C61005FC90E /* MuseumAppUITests */ = {
			isa = PBXGroup;
			children = (
				2D5726E427701C61005FC90E /* MuseumAppUITests.swift */,
				2D5726E627701C61005FC90E /* MuseumAppUITestsLaunchTests.swift */,
			);
			path = MuseumAppUITests;
			sourceTree = "<group>";
		};
		2D5726F327702583005FC90E /* Application */ = {
			isa = PBXGroup;
			children = (
				2D5726C327701C5E005FC90E /* AppDelegate.swift */,
				2D5726D127701C60005FC90E /* Info.plist */,
			);
			path = Application;
			sourceTree = "<group>";
		};
		2D5726F427702588005FC90E /* Models */ = {
			isa = PBXGroup;
			children = (
				2D6D5E5B277B155A00BD96CF /* ArtObject.swift */,
				2D6D5E5F277B16F800BD96CF /* Measurement.swift */,
				2D6D5E5D277B16EB00BD96CF /* Tag.swift */,
				2D6D5E61277B170400BD96CF /* Constituent.swift */,
			);
			path = Models;
			sourceTree = "<group>";
		};
		2D5726F52770258E005FC90E /* Resources */ = {
			isa = PBXGroup;
			children = (
				2D5726CC27701C60005FC90E /* Assets.xcassets */,
			);
			path = Resources;
			sourceTree = "<group>";
		};
		2D5726F627702592005FC90E /* Stories */ = {
			isa = PBXGroup;
			children = (
				2D04217E277D6E2F0012C208 /* ObjectDetails */,
				2D5726FA27705968005FC90E /* SearchObjects */,
				2D5726F92770595C005FC90E /* Launch */,
			);
			path = Stories;
			sourceTree = "<group>";
		};
		2D5726F7277058E9005FC90E /* Utilities */ = {
			isa = PBXGroup;
			children = (
				2DD25160277C0DF10018820C /* CustomCocoa */,
				2DD81C5C2771D933001237F8 /* Extensions */,
			);
			path = Utilities;
			sourceTree = "<group>";
		};
		2D5726F92770595C005FC90E /* Launch */ = {
			isa = PBXGroup;
			children = (
				2D5726CE27701C60005FC90E /* LaunchScreen.storyboard */,
			);
			path = Launch;
			sourceTree = "<group>";
		};
		2D5726FA27705968005FC90E /* SearchObjects */ = {
			isa = PBXGroup;
			children = (
				2D572702277066A4005FC90E /* View */,
				2D572703277066A7005FC90E /* ViewModel */,
			);
			path = SearchObjects;
			sourceTree = "<group>";
		};
		2D572702277066A4005FC90E /* View */ = {
			isa = PBXGroup;
			children = (
				2D5726FD27705A18005FC90E /* SearchObjectsViewController.swift */,
				2D5726FB27705A0A005FC90E /* SearchObjects.storyboard */,
			);
			path = View;
			sourceTree = "<group>";
		};
		2D572703277066A7005FC90E /* ViewModel */ = {
			isa = PBXGroup;
			children = (
				2D5726FF27705A41005FC90E /* SearchObjectsViewModel.swift */,
			);
			path = ViewModel;
			sourceTree = "<group>";
		};
		2D581E59277EA6B400B0F6DC /* SearchResultTableViewCell */ = {
			isa = PBXGroup;
			children = (
				2DD2516B277CB6D30018820C /* SearchResultTableViewCell.swift */,
				2DD2516C277CB6D30018820C /* SearchResultTableViewCell.xib */,
			);
			path = SearchResultTableViewCell;
			sourceTree = "<group>";
		};
		2D581E5A277EA6BC00B0F6DC /* ObjectDetailsSimpleCell */ = {
			isa = PBXGroup;
			children = (
				2D581E5B277EA6E500B0F6DC /* ObjectDetailsSimpleTableViewCell.swift */,
				2D581E5C277EA6E500B0F6DC /* ObjectDetailsSimpleTableViewCell.xib */,
			);
			path = ObjectDetailsSimpleCell;
			sourceTree = "<group>";
		};
		2D581E5F277EB65300B0F6DC /* ObjectImagesCollectionCell */ = {
			isa = PBXGroup;
			children = (
				2D581E60277EB67600B0F6DC /* ObjectImagesCollectionViewCell.swift */,
				2D581E61277EB67600B0F6DC /* ObjectImagesCollectionViewCell.xib */,
			);
			path = ObjectImagesCollectionCell;
			sourceTree = "<group>";
		};
		2D6D5E4C277AD0C100BD96CF /* Networking */ = {
			isa = PBXGroup;
			children = (
				2D6D5E54277AF30500BD96CF /* APIServices */,
				2D6D5E4D277AD0F600BD96CF /* CoreNetworking */,
				2D6D5E65277B3F3200BD96CF /* Mocking */,
			);
			path = Networking;
			sourceTree = "<group>";
		};
		2D6D5E4D277AD0F600BD96CF /* CoreNetworking */ = {
			isa = PBXGroup;
			children = (
				2D6D5E50277AD0F600BD96CF /* EndPoint.swift */,
				2D6D5E4F277AD0F600BD96CF /* API.swift */,
				2D6D5E4E277AD0F600BD96CF /* NetworkManager.swift */,
			);
			path = CoreNetworking;
			sourceTree = "<group>";
		};
		2D6D5E54277AF30500BD96CF /* APIServices */ = {
			isa = PBXGroup;
			children = (
				2D6D5E59277B066F00BD96CF /* ObjectsAPIService.swift */,
			);
			path = APIServices;
			sourceTree = "<group>";
		};
		2D6D5E65277B3F3200BD96CF /* Mocking */ = {
			isa = PBXGroup;
			children = (
				2D6D5E75277B473300BD96CF /* MockNetworkManager.swift */,
				2D6D5E6D277B401B00BD96CF /* EndPoint+Mocking.swift */,
				2D6D5E68277B3F8300BD96CF /* MockEndpointJSONs */,
			);
			path = Mocking;
			sourceTree = "<group>";
		};
		2D6D5E68277B3F8300BD96CF /* MockEndpointJSONs */ = {
			isa = PBXGroup;
			children = (
				2D6D5E70277B41B300BD96CF /* SearchObjects.json */,
				2D6D5E6F277B41B300BD96CF /* ObjectDetails.json */,
			);
			path = MockEndpointJSONs;
			sourceTree = "<group>";
		};
		2DD25160277C0DF10018820C /* CustomCocoa */ = {
			isa = PBXGroup;
			children = (
				2DD25161277C0E150018820C /* BaseViewController.swift */,
				2DD25163277C482E0018820C /* BaseViewModel.swift */,
			);
			path = CustomCocoa;
			sourceTree = "<group>";
		};
		2DD81C5027718694001237F8 /* Coordinators */ = {
			isa = PBXGroup;
			children = (
				2DD81C58277188D9001237F8 /* Coordinator.swift */,
				2DD81C632772263E001237F8 /* Transition.swift */,
				2DD81C5A2771D6B6001237F8 /* AppCoordinator.swift */,
			);
			path = Coordinators;
			sourceTree = "<group>";
		};
		2DD81C51277186A8001237F8 /* Views */ = {
			isa = PBXGroup;
			children = (
				2DD81C54277186C4001237F8 /* CollectionViewCells */,
				2DD81C53277186B6001237F8 /* TableViewCells */,
			);
			path = Views;
			sourceTree = "<group>";
		};
		2DD81C53277186B6001237F8 /* TableViewCells */ = {
			isa = PBXGroup;
			children = (
				2D581E5A277EA6BC00B0F6DC /* ObjectDetailsSimpleCell */,
				2D581E59277EA6B400B0F6DC /* SearchResultTableViewCell */,
			);
			path = TableViewCells;
			sourceTree = "<group>";
		};
		2DD81C54277186C4001237F8 /* CollectionViewCells */ = {
			isa = PBXGroup;
			children = (
				2D581E5F277EB65300B0F6DC /* ObjectImagesCollectionCell */,
			);
			path = CollectionViewCells;
			sourceTree = "<group>";
		};
		2DD81C5C2771D933001237F8 /* Extensions */ = {
			isa = PBXGroup;
			children = (
				2DD81C5D2771D93D001237F8 /* UIStoryboard+Additions.swift */,
				2DD81C5F2771DB21001237F8 /* NSObjectProtocol+Additions.swift */,
				2D6D5E57277AFF0A00BD96CF /* Error+Additions.swift */,
				2D6D5E63277B399600BD96CF /* Data+Additions.swift */,
				2DD25165277C81480018820C /* UIAlertController+Additions.swift */,
				2DD25167277C81660018820C /* UIViewController+Additions.swift */,
				2DD25169277CB44F0018820C /* Collection+Additions.swift */,
				2DD25171277CBE640018820C /* UITableView+Additions.swift */,
				2D04217F277D71CD0012C208 /* UIApplication+Additions.swift */,
				2D581E64277EB6FF00B0F6DC /* UICollectionView+Images.swift */,
				2D581E66277EBDDE00B0F6DC /* UIImageView+Additions.swift */,
				2D581E68277EF66700B0F6DC /* UIDevice+Additions.swift */,
			);
			path = Extensions;
			sourceTree = "<group>";
		};
		A2D20CC37BA4CA40FECEF87B /* Frameworks */ = {
			isa = PBXGroup;
			children = (
				87D00582DFC48B5269659035 /* Pods_MuseumApp.framework */,
				D857ACC2E789AEFD10A5C50D /* Pods_MuseumApp_MuseumAppUITests.framework */,
				1A5F2F9E2EABAF5BC5BE9A0A /* Pods_MuseumAppTests.framework */,
			);
			name = Frameworks;
			sourceTree = "<group>";
		};
/* End PBXGroup section */

/* Begin PBXNativeTarget section */
		2D5726BF27701C5E005FC90E /* MuseumApp */ = {
			isa = PBXNativeTarget;
			buildConfigurationList = 2D5726EA27701C61005FC90E /* Build configuration list for PBXNativeTarget "MuseumApp" */;
			buildPhases = (
				5F8F3F812A7E6F3313AFAA68 /* [CP] Check Pods Manifest.lock */,
				2D5726BC27701C5E005FC90E /* Sources */,
				2D5726BD27701C5E005FC90E /* Frameworks */,
				2D5726BE27701C5E005FC90E /* Resources */,
				B8F9D3CAD1C8618DF36B726D /* [CP] Embed Pods Frameworks */,
			);
			buildRules = (
			);
			dependencies = (
			);
			name = MuseumApp;
			productName = MuseumApp;
			productReference = 2D5726C027701C5E005FC90E /* MuseumApp.app */;
			productType = "com.apple.product-type.application";
		};
		2D5726D527701C61005FC90E /* MuseumAppTests */ = {
			isa = PBXNativeTarget;
			buildConfigurationList = 2D5726ED27701C61005FC90E /* Build configuration list for PBXNativeTarget "MuseumAppTests" */;
			buildPhases = (
				E69457940F59B62C7AA6BA8D /* [CP] Check Pods Manifest.lock */,
				2D5726D227701C61005FC90E /* Sources */,
				2D5726D327701C61005FC90E /* Frameworks */,
				2D5726D427701C61005FC90E /* Resources */,
			);
			buildRules = (
			);
			dependencies = (
				2D5726D827701C61005FC90E /* PBXTargetDependency */,
			);
			name = MuseumAppTests;
			productName = MuseumAppTests;
			productReference = 2D5726D627701C61005FC90E /* MuseumAppTests.xctest */;
			productType = "com.apple.product-type.bundle.unit-test";
		};
		2D5726DF27701C61005FC90E /* MuseumAppUITests */ = {
			isa = PBXNativeTarget;
			buildConfigurationList = 2D5726F027701C61005FC90E /* Build configuration list for PBXNativeTarget "MuseumAppUITests" */;
			buildPhases = (
				6AD34285A4CA77A1BFC5248F /* [CP] Check Pods Manifest.lock */,
				2D5726DC27701C61005FC90E /* Sources */,
				2D5726DD27701C61005FC90E /* Frameworks */,
				2D5726DE27701C61005FC90E /* Resources */,
				3A8B24785478E001276F96EA /* [CP] Embed Pods Frameworks */,
			);
			buildRules = (
			);
			dependencies = (
				2D5726E227701C61005FC90E /* PBXTargetDependency */,
			);
			name = MuseumAppUITests;
			productName = MuseumAppUITests;
			productReference = 2D5726E027701C61005FC90E /* MuseumAppUITests.xctest */;
			productType = "com.apple.product-type.bundle.ui-testing";
		};
/* End PBXNativeTarget section */

/* Begin PBXProject section */
		2D5726B827701C5E005FC90E /* Project object */ = {
			isa = PBXProject;
			attributes = {
				BuildIndependentTargetsInParallel = 1;
				LastSwiftUpdateCheck = 1300;
				LastUpgradeCheck = 1300;
				TargetAttributes = {
					2D5726BF27701C5E005FC90E = {
						CreatedOnToolsVersion = 13.0;
					};
					2D5726D527701C61005FC90E = {
						CreatedOnToolsVersion = 13.0;
						TestTargetID = 2D5726BF27701C5E005FC90E;
					};
					2D5726DF27701C61005FC90E = {
						CreatedOnToolsVersion = 13.0;
						TestTargetID = 2D5726BF27701C5E005FC90E;
					};
				};
			};
			buildConfigurationList = 2D5726BB27701C5E005FC90E /* Build configuration list for PBXProject "MuseumApp" */;
			compatibilityVersion = "Xcode 13.0";
			developmentRegion = en;
			hasScannedForEncodings = 0;
			knownRegions = (
				en,
				Base,
			);
			mainGroup = 2D5726B727701C5E005FC90E;
			productRefGroup = 2D5726C127701C5E005FC90E /* Products */;
			projectDirPath = "";
			projectRoot = "";
			targets = (
				2D5726BF27701C5E005FC90E /* MuseumApp */,
				2D5726D527701C61005FC90E /* MuseumAppTests */,
				2D5726DF27701C61005FC90E /* MuseumAppUITests */,
			);
		};
/* End PBXProject section */

/* Begin PBXResourcesBuildPhase section */
		2D5726BE27701C5E005FC90E /* Resources */ = {
			isa = PBXResourcesBuildPhase;
			buildActionMask = 2147483647;
			files = (
				2DD2516E277CB6D30018820C /* SearchResultTableViewCell.xib in Resources */,
				2D581E63277EB67600B0F6DC /* ObjectImagesCollectionViewCell.xib in Resources */,
				2D5726D027701C60005FC90E /* LaunchScreen.storyboard in Resources */,
				2D5726CD27701C60005FC90E /* Assets.xcassets in Resources */,
				2D5726FC27705A0A005FC90E /* SearchObjects.storyboard in Resources */,
				2D6D5E71277B41B300BD96CF /* ObjectDetails.json in Resources */,
				2D6D5E72277B41B300BD96CF /* SearchObjects.json in Resources */,
				2D042184277D7EDB0012C208 /* ObjectDetails.storyboard in Resources */,
				2D581E5E277EA6E500B0F6DC /* ObjectDetailsSimpleTableViewCell.xib in Resources */,
			);
			runOnlyForDeploymentPostprocessing = 0;
		};
		2D5726D427701C61005FC90E /* Resources */ = {
			isa = PBXResourcesBuildPhase;
			buildActionMask = 2147483647;
			files = (
			);
			runOnlyForDeploymentPostprocessing = 0;
		};
		2D5726DE27701C61005FC90E /* Resources */ = {
			isa = PBXResourcesBuildPhase;
			buildActionMask = 2147483647;
			files = (
			);
			runOnlyForDeploymentPostprocessing = 0;
		};
/* End PBXResourcesBuildPhase section */

/* Begin PBXShellScriptBuildPhase section */
		3A8B24785478E001276F96EA /* [CP] Embed Pods Frameworks */ = {
			isa = PBXShellScriptBuildPhase;
			buildActionMask = 2147483647;
			files = (
			);
			inputFileListPaths = (
				"${PODS_ROOT}/Target Support Files/Pods-MuseumApp-MuseumAppUITests/Pods-MuseumApp-MuseumAppUITests-frameworks-${CONFIGURATION}-input-files.xcfilelist",
			);
			name = "[CP] Embed Pods Frameworks";
			outputFileListPaths = (
				"${PODS_ROOT}/Target Support Files/Pods-MuseumApp-MuseumAppUITests/Pods-MuseumApp-MuseumAppUITests-frameworks-${CONFIGURATION}-output-files.xcfilelist",
			);
			runOnlyForDeploymentPostprocessing = 0;
			shellPath = /bin/sh;
			shellScript = "\"${PODS_ROOT}/Target Support Files/Pods-MuseumApp-MuseumAppUITests/Pods-MuseumApp-MuseumAppUITests-frameworks.sh\"\n";
			showEnvVarsInLog = 0;
		};
		5F8F3F812A7E6F3313AFAA68 /* [CP] Check Pods Manifest.lock */ = {
			isa = PBXShellScriptBuildPhase;
			buildActionMask = 2147483647;
			files = (
			);
			inputFileListPaths = (
			);
			inputPaths = (
				"${PODS_PODFILE_DIR_PATH}/Podfile.lock",
				"${PODS_ROOT}/Manifest.lock",
			);
			name = "[CP] Check Pods Manifest.lock";
			outputFileListPaths = (
			);
			outputPaths = (
				"$(DERIVED_FILE_DIR)/Pods-MuseumApp-checkManifestLockResult.txt",
			);
			runOnlyForDeploymentPostprocessing = 0;
			shellPath = /bin/sh;
			shellScript = "diff \"${PODS_PODFILE_DIR_PATH}/Podfile.lock\" \"${PODS_ROOT}/Manifest.lock\" > /dev/null\nif [ $? != 0 ] ; then\n    # print error to STDERR\n    echo \"error: The sandbox is not in sync with the Podfile.lock. Run 'pod install' or update your CocoaPods installation.\" >&2\n    exit 1\nfi\n# This output is used by Xcode 'outputs' to avoid re-running this script phase.\necho \"SUCCESS\" > \"${SCRIPT_OUTPUT_FILE_0}\"\n";
			showEnvVarsInLog = 0;
		};
		6AD34285A4CA77A1BFC5248F /* [CP] Check Pods Manifest.lock */ = {
			isa = PBXShellScriptBuildPhase;
			buildActionMask = 2147483647;
			files = (
			);
			inputFileListPaths = (
			);
			inputPaths = (
				"${PODS_PODFILE_DIR_PATH}/Podfile.lock",
				"${PODS_ROOT}/Manifest.lock",
			);
			name = "[CP] Check Pods Manifest.lock";
			outputFileListPaths = (
			);
			outputPaths = (
				"$(DERIVED_FILE_DIR)/Pods-MuseumApp-MuseumAppUITests-checkManifestLockResult.txt",
			);
			runOnlyForDeploymentPostprocessing = 0;
			shellPath = /bin/sh;
			shellScript = "diff \"${PODS_PODFILE_DIR_PATH}/Podfile.lock\" \"${PODS_ROOT}/Manifest.lock\" > /dev/null\nif [ $? != 0 ] ; then\n    # print error to STDERR\n    echo \"error: The sandbox is not in sync with the Podfile.lock. Run 'pod install' or update your CocoaPods installation.\" >&2\n    exit 1\nfi\n# This output is used by Xcode 'outputs' to avoid re-running this script phase.\necho \"SUCCESS\" > \"${SCRIPT_OUTPUT_FILE_0}\"\n";
			showEnvVarsInLog = 0;
		};
		B8F9D3CAD1C8618DF36B726D /* [CP] Embed Pods Frameworks */ = {
			isa = PBXShellScriptBuildPhase;
			buildActionMask = 2147483647;
			files = (
			);
			inputFileListPaths = (
				"${PODS_ROOT}/Target Support Files/Pods-MuseumApp/Pods-MuseumApp-frameworks-${CONFIGURATION}-input-files.xcfilelist",
			);
			name = "[CP] Embed Pods Frameworks";
			outputFileListPaths = (
				"${PODS_ROOT}/Target Support Files/Pods-MuseumApp/Pods-MuseumApp-frameworks-${CONFIGURATION}-output-files.xcfilelist",
			);
			runOnlyForDeploymentPostprocessing = 0;
			shellPath = /bin/sh;
			shellScript = "\"${PODS_ROOT}/Target Support Files/Pods-MuseumApp/Pods-MuseumApp-frameworks.sh\"\n";
			showEnvVarsInLog = 0;
		};
		E69457940F59B62C7AA6BA8D /* [CP] Check Pods Manifest.lock */ = {
			isa = PBXShellScriptBuildPhase;
			buildActionMask = 2147483647;
			files = (
			);
			inputFileListPaths = (
			);
			inputPaths = (
				"${PODS_PODFILE_DIR_PATH}/Podfile.lock",
				"${PODS_ROOT}/Manifest.lock",
			);
			name = "[CP] Check Pods Manifest.lock";
			outputFileListPaths = (
			);
			outputPaths = (
				"$(DERIVED_FILE_DIR)/Pods-MuseumAppTests-checkManifestLockResult.txt",
			);
			runOnlyForDeploymentPostprocessing = 0;
			shellPath = /bin/sh;
			shellScript = "diff \"${PODS_PODFILE_DIR_PATH}/Podfile.lock\" \"${PODS_ROOT}/Manifest.lock\" > /dev/null\nif [ $? != 0 ] ; then\n    # print error to STDERR\n    echo \"error: The sandbox is not in sync with the Podfile.lock. Run 'pod install' or update your CocoaPods installation.\" >&2\n    exit 1\nfi\n# This output is used by Xcode 'outputs' to avoid re-running this script phase.\necho \"SUCCESS\" > \"${SCRIPT_OUTPUT_FILE_0}\"\n";
			showEnvVarsInLog = 0;
		};
/* End PBXShellScriptBuildPhase section */

/* Begin PBXSourcesBuildPhase section */
		2D5726BC27701C5E005FC90E /* Sources */ = {
			isa = PBXSourcesBuildPhase;
			buildActionMask = 2147483647;
			files = (
				2D581E5D277EA6E500B0F6DC /* ObjectDetailsSimpleTableViewCell.swift in Sources */,
				2D6D5E51277AD0F600BD96CF /* NetworkManager.swift in Sources */,
				2D6D5E6E277B401B00BD96CF /* EndPoint+Mocking.swift in Sources */,
				2D581E62277EB67600B0F6DC /* ObjectImagesCollectionViewCell.swift in Sources */,
				2D6D5E5A277B066F00BD96CF /* ObjectsAPIService.swift in Sources */,
				2D6D5E76277B473300BD96CF /* MockNetworkManager.swift in Sources */,
				2D6D5E60277B16F800BD96CF /* Measurement.swift in Sources */,
				2DD25162277C0E150018820C /* BaseViewController.swift in Sources */,
				2D581E67277EBDDE00B0F6DC /* UIImageView+Additions.swift in Sources */,
				2DD25172277CBE640018820C /* UITableView+Additions.swift in Sources */,
				2DD81C59277188D9001237F8 /* Coordinator.swift in Sources */,
				2DD25164277C482E0018820C /* BaseViewModel.swift in Sources */,
				2D6D5E62277B170400BD96CF /* Constituent.swift in Sources */,
				2DD2516A277CB44F0018820C /* Collection+Additions.swift in Sources */,
				2D5726C427701C5E005FC90E /* AppDelegate.swift in Sources */,
				2D042180277D71CD0012C208 /* UIApplication+Additions.swift in Sources */,
				2DD81C5E2771D93D001237F8 /* UIStoryboard+Additions.swift in Sources */,
				2D6D5E53277AD0F600BD96CF /* EndPoint.swift in Sources */,
				2D042186277D7EF00012C208 /* ObjectDetailsViewController.swift in Sources */,
				2D6D5E52277AD0F600BD96CF /* API.swift in Sources */,
				2DD81C602771DB21001237F8 /* NSObjectProtocol+Additions.swift in Sources */,
				2D6D5E5C277B155A00BD96CF /* ArtObject.swift in Sources */,
				2D6D5E58277AFF0A00BD96CF /* Error+Additions.swift in Sources */,
				2D042188277D7F000012C208 /* ObjectDetailsViewModel.swift in Sources */,
				2DD81C5B2771D6B6001237F8 /* AppCoordinator.swift in Sources */,
				2D57270027705A41005FC90E /* SearchObjectsViewModel.swift in Sources */,
				2D581E65277EB6FF00B0F6DC /* UICollectionView+Images.swift in Sources */,
				2D6D5E5E277B16EB00BD96CF /* Tag.swift in Sources */,
				2D6D5E64277B399600BD96CF /* Data+Additions.swift in Sources */,
				2DD25168277C81660018820C /* UIViewController+Additions.swift in Sources */,
				2DD81C642772263E001237F8 /* Transition.swift in Sources */,
				2D5726FE27705A18005FC90E /* SearchObjectsViewController.swift in Sources */,
				2D581E69277EF66700B0F6DC /* UIDevice+Additions.swift in Sources */,
				2DD2516D277CB6D30018820C /* SearchResultTableViewCell.swift in Sources */,
				2DD25166277C81480018820C /* UIAlertController+Additions.swift in Sources */,
			);
			runOnlyForDeploymentPostprocessing = 0;
		};
		2D5726D227701C61005FC90E /* Sources */ = {
			isa = PBXSourcesBuildPhase;
			buildActionMask = 2147483647;
			files = (
				2D8B9BCA27813A8300ED48AB /* ObjectDetailsTestCases.swift in Sources */,
				2D8B9BCE278152EB00ED48AB /* MockManagerTestCases.swift in Sources */,
				2D8B9BC827813A6B00ED48AB /* SearchObjectsTestCases.swift in Sources */,
			);
			runOnlyForDeploymentPostprocessing = 0;
		};
		2D5726DC27701C61005FC90E /* Sources */ = {
			isa = PBXSourcesBuildPhase;
			buildActionMask = 2147483647;
			files = (
				2D5726E727701C61005FC90E /* MuseumAppUITestsLaunchTests.swift in Sources */,
				2D5726E527701C61005FC90E /* MuseumAppUITests.swift in Sources */,
			);
			runOnlyForDeploymentPostprocessing = 0;
		};
/* End PBXSourcesBuildPhase section */

/* Begin PBXTargetDependency section */
		2D5726D827701C61005FC90E /* PBXTargetDependency */ = {
			isa = PBXTargetDependency;
			target = 2D5726BF27701C5E005FC90E /* MuseumApp */;
			targetProxy = 2D5726D727701C61005FC90E /* PBXContainerItemProxy */;
		};
		2D5726E227701C61005FC90E /* PBXTargetDependency */ = {
			isa = PBXTargetDependency;
			target = 2D5726BF27701C5E005FC90E /* MuseumApp */;
			targetProxy = 2D5726E127701C61005FC90E /* PBXContainerItemProxy */;
		};
/* End PBXTargetDependency section */

/* Begin PBXVariantGroup section */
		2D5726CE27701C60005FC90E /* LaunchScreen.storyboard */ = {
			isa = PBXVariantGroup;
			children = (
				2D5726CF27701C60005FC90E /* Base */,
			);
			name = LaunchScreen.storyboard;
			sourceTree = "<group>";
		};
/* End PBXVariantGroup section */

/* Begin XCBuildConfiguration section */
		2D5726E827701C61005FC90E /* Debug */ = {
			isa = XCBuildConfiguration;
			buildSettings = {
				ALWAYS_SEARCH_USER_PATHS = NO;
				CLANG_ANALYZER_NONNULL = YES;
				CLANG_ANALYZER_NUMBER_OBJECT_CONVERSION = YES_AGGRESSIVE;
				CLANG_CXX_LANGUAGE_STANDARD = "gnu++17";
				CLANG_CXX_LIBRARY = "libc++";
				CLANG_ENABLE_MODULES = YES;
				CLANG_ENABLE_OBJC_ARC = YES;
				CLANG_ENABLE_OBJC_WEAK = YES;
				CLANG_WARN_BLOCK_CAPTURE_AUTORELEASING = YES;
				CLANG_WARN_BOOL_CONVERSION = YES;
				CLANG_WARN_COMMA = YES;
				CLANG_WARN_CONSTANT_CONVERSION = YES;
				CLANG_WARN_DEPRECATED_OBJC_IMPLEMENTATIONS = YES;
				CLANG_WARN_DIRECT_OBJC_ISA_USAGE = YES_ERROR;
				CLANG_WARN_DOCUMENTATION_COMMENTS = YES;
				CLANG_WARN_EMPTY_BODY = YES;
				CLANG_WARN_ENUM_CONVERSION = YES;
				CLANG_WARN_INFINITE_RECURSION = YES;
				CLANG_WARN_INT_CONVERSION = YES;
				CLANG_WARN_NON_LITERAL_NULL_CONVERSION = YES;
				CLANG_WARN_OBJC_IMPLICIT_RETAIN_SELF = YES;
				CLANG_WARN_OBJC_LITERAL_CONVERSION = YES;
				CLANG_WARN_OBJC_ROOT_CLASS = YES_ERROR;
				CLANG_WARN_QUOTED_INCLUDE_IN_FRAMEWORK_HEADER = YES;
				CLANG_WARN_RANGE_LOOP_ANALYSIS = YES;
				CLANG_WARN_STRICT_PROTOTYPES = YES;
				CLANG_WARN_SUSPICIOUS_MOVE = YES;
				CLANG_WARN_UNGUARDED_AVAILABILITY = YES_AGGRESSIVE;
				CLANG_WARN_UNREACHABLE_CODE = YES;
				CLANG_WARN__DUPLICATE_METHOD_MATCH = YES;
				COPY_PHASE_STRIP = NO;
				DEBUG_INFORMATION_FORMAT = dwarf;
				ENABLE_STRICT_OBJC_MSGSEND = YES;
				ENABLE_TESTABILITY = YES;
				GCC_C_LANGUAGE_STANDARD = gnu11;
				GCC_DYNAMIC_NO_PIC = NO;
				GCC_NO_COMMON_BLOCKS = YES;
				GCC_OPTIMIZATION_LEVEL = 0;
				GCC_PREPROCESSOR_DEFINITIONS = (
					"DEBUG=1",
					"$(inherited)",
				);
				GCC_WARN_64_TO_32_BIT_CONVERSION = YES;
				GCC_WARN_ABOUT_RETURN_TYPE = YES_ERROR;
				GCC_WARN_UNDECLARED_SELECTOR = YES;
				GCC_WARN_UNINITIALIZED_AUTOS = YES_AGGRESSIVE;
				GCC_WARN_UNUSED_FUNCTION = YES;
				GCC_WARN_UNUSED_VARIABLE = YES;
				IPHONEOS_DEPLOYMENT_TARGET = 15.0;
				MTL_ENABLE_DEBUG_INFO = INCLUDE_SOURCE;
				MTL_FAST_MATH = YES;
				ONLY_ACTIVE_ARCH = YES;
				SDKROOT = iphoneos;
				SWIFT_ACTIVE_COMPILATION_CONDITIONS = DEBUG;
				SWIFT_OPTIMIZATION_LEVEL = "-Onone";
			};
			name = Debug;
		};
		2D5726E927701C61005FC90E /* Release */ = {
			isa = XCBuildConfiguration;
			buildSettings = {
				ALWAYS_SEARCH_USER_PATHS = NO;
				CLANG_ANALYZER_NONNULL = YES;
				CLANG_ANALYZER_NUMBER_OBJECT_CONVERSION = YES_AGGRESSIVE;
				CLANG_CXX_LANGUAGE_STANDARD = "gnu++17";
				CLANG_CXX_LIBRARY = "libc++";
				CLANG_ENABLE_MODULES = YES;
				CLANG_ENABLE_OBJC_ARC = YES;
				CLANG_ENABLE_OBJC_WEAK = YES;
				CLANG_WARN_BLOCK_CAPTURE_AUTORELEASING = YES;
				CLANG_WARN_BOOL_CONVERSION = YES;
				CLANG_WARN_COMMA = YES;
				CLANG_WARN_CONSTANT_CONVERSION = YES;
				CLANG_WARN_DEPRECATED_OBJC_IMPLEMENTATIONS = YES;
				CLANG_WARN_DIRECT_OBJC_ISA_USAGE = YES_ERROR;
				CLANG_WARN_DOCUMENTATION_COMMENTS = YES;
				CLANG_WARN_EMPTY_BODY = YES;
				CLANG_WARN_ENUM_CONVERSION = YES;
				CLANG_WARN_INFINITE_RECURSION = YES;
				CLANG_WARN_INT_CONVERSION = YES;
				CLANG_WARN_NON_LITERAL_NULL_CONVERSION = YES;
				CLANG_WARN_OBJC_IMPLICIT_RETAIN_SELF = YES;
				CLANG_WARN_OBJC_LITERAL_CONVERSION = YES;
				CLANG_WARN_OBJC_ROOT_CLASS = YES_ERROR;
				CLANG_WARN_QUOTED_INCLUDE_IN_FRAMEWORK_HEADER = YES;
				CLANG_WARN_RANGE_LOOP_ANALYSIS = YES;
				CLANG_WARN_STRICT_PROTOTYPES = YES;
				CLANG_WARN_SUSPICIOUS_MOVE = YES;
				CLANG_WARN_UNGUARDED_AVAILABILITY = YES_AGGRESSIVE;
				CLANG_WARN_UNREACHABLE_CODE = YES;
				CLANG_WARN__DUPLICATE_METHOD_MATCH = YES;
				COPY_PHASE_STRIP = NO;
				DEBUG_INFORMATION_FORMAT = "dwarf-with-dsym";
				ENABLE_NS_ASSERTIONS = NO;
				ENABLE_STRICT_OBJC_MSGSEND = YES;
				GCC_C_LANGUAGE_STANDARD = gnu11;
				GCC_NO_COMMON_BLOCKS = YES;
				GCC_WARN_64_TO_32_BIT_CONVERSION = YES;
				GCC_WARN_ABOUT_RETURN_TYPE = YES_ERROR;
				GCC_WARN_UNDECLARED_SELECTOR = YES;
				GCC_WARN_UNINITIALIZED_AUTOS = YES_AGGRESSIVE;
				GCC_WARN_UNUSED_FUNCTION = YES;
				GCC_WARN_UNUSED_VARIABLE = YES;
				IPHONEOS_DEPLOYMENT_TARGET = 15.0;
				MTL_ENABLE_DEBUG_INFO = NO;
				MTL_FAST_MATH = YES;
				SDKROOT = iphoneos;
				SWIFT_COMPILATION_MODE = wholemodule;
				SWIFT_OPTIMIZATION_LEVEL = "-O";
				VALIDATE_PRODUCT = YES;
			};
			name = Release;
		};
		2D5726EB27701C61005FC90E /* Debug */ = {
			isa = XCBuildConfiguration;
			baseConfigurationReference = FFEFA25F8B55D8D278916227 /* Pods-MuseumApp.debug.xcconfig */;
			buildSettings = {
				ASSETCATALOG_COMPILER_APPICON_NAME = AppIcon;
				ASSETCATALOG_COMPILER_GLOBAL_ACCENT_COLOR_NAME = AccentColor;
				CODE_SIGN_STYLE = Automatic;
				CURRENT_PROJECT_VERSION = 1;
				DEVELOPMENT_TEAM = 664343KK2F;
				GENERATE_INFOPLIST_FILE = YES;
				INFOPLIST_FILE = MuseumApp/Application/Info.plist;
				INFOPLIST_KEY_UIApplicationSupportsIndirectInputEvents = YES;
				INFOPLIST_KEY_UILaunchStoryboardName = LaunchScreen;
				INFOPLIST_KEY_UIMainStoryboardFile = SearchObjects;
				INFOPLIST_KEY_UISupportedInterfaceOrientations = "UIInterfaceOrientationPortrait UIInterfaceOrientationLandscapeLeft UIInterfaceOrientationLandscapeRight";
				INFOPLIST_KEY_UISupportedInterfaceOrientations_iPad = "UIInterfaceOrientationPortrait UIInterfaceOrientationPortraitUpsideDown UIInterfaceOrientationLandscapeLeft UIInterfaceOrientationLandscapeRight";
				INFOPLIST_KEY_UISupportedInterfaceOrientations_iPhone = "UIInterfaceOrientationPortrait UIInterfaceOrientationLandscapeLeft UIInterfaceOrientationLandscapeRight";
				INFOPLIST_KEY_UIUserInterfaceStyle = Light;
				LD_RUNPATH_SEARCH_PATHS = (
					"$(inherited)",
					"@executable_path/Frameworks",
				);
				MARKETING_VERSION = 1.0;
				PRODUCT_BUNDLE_IDENTIFIER = com.metropolitan.MuseumApp;
				PRODUCT_NAME = "$(TARGET_NAME)";
				SWIFT_EMIT_LOC_STRINGS = YES;
				SWIFT_VERSION = 5.0;
				TARGETED_DEVICE_FAMILY = 1;
			};
			name = Debug;
		};
		2D5726EC27701C61005FC90E /* Release */ = {
			isa = XCBuildConfiguration;
			baseConfigurationReference = D10E888D53600FEF4B1772E3 /* Pods-MuseumApp.release.xcconfig */;
			buildSettings = {
				ASSETCATALOG_COMPILER_APPICON_NAME = AppIcon;
				ASSETCATALOG_COMPILER_GLOBAL_ACCENT_COLOR_NAME = AccentColor;
				CODE_SIGN_STYLE = Automatic;
				CURRENT_PROJECT_VERSION = 1;
				DEVELOPMENT_TEAM = 664343KK2F;
				GENERATE_INFOPLIST_FILE = YES;
				INFOPLIST_FILE = MuseumApp/Application/Info.plist;
				INFOPLIST_KEY_UIApplicationSupportsIndirectInputEvents = YES;
				INFOPLIST_KEY_UILaunchStoryboardName = LaunchScreen;
				INFOPLIST_KEY_UIMainStoryboardFile = SearchObjects;
				INFOPLIST_KEY_UISupportedInterfaceOrientations = "UIInterfaceOrientationPortrait UIInterfaceOrientationLandscapeLeft UIInterfaceOrientationLandscapeRight";
				INFOPLIST_KEY_UISupportedInterfaceOrientations_iPad = "UIInterfaceOrientationPortrait UIInterfaceOrientationPortraitUpsideDown UIInterfaceOrientationLandscapeLeft UIInterfaceOrientationLandscapeRight";
				INFOPLIST_KEY_UISupportedInterfaceOrientations_iPhone = "UIInterfaceOrientationPortrait UIInterfaceOrientationLandscapeLeft UIInterfaceOrientationLandscapeRight";
				INFOPLIST_KEY_UIUserInterfaceStyle = Light;
				LD_RUNPATH_SEARCH_PATHS = (
					"$(inherited)",
					"@executable_path/Frameworks",
				);
				MARKETING_VERSION = 1.0;
				PRODUCT_BUNDLE_IDENTIFIER = com.metropolitan.MuseumApp;
				PRODUCT_NAME = "$(TARGET_NAME)";
				SWIFT_EMIT_LOC_STRINGS = YES;
				SWIFT_VERSION = 5.0;
				TARGETED_DEVICE_FAMILY = 1;
			};
			name = Release;
		};
		2D5726EE27701C61005FC90E /* Debug */ = {
			isa = XCBuildConfiguration;
			baseConfigurationReference = 6EBDF792448EB219DF6ABCB2 /* Pods-MuseumAppTests.debug.xcconfig */;
			buildSettings = {
				ALWAYS_EMBED_SWIFT_STANDARD_LIBRARIES = YES;
				BUNDLE_LOADER = "$(TEST_HOST)";
				CODE_SIGN_STYLE = Automatic;
				CURRENT_PROJECT_VERSION = 1;
				DEVELOPMENT_TEAM = 664343KK2F;
				GENERATE_INFOPLIST_FILE = YES;
				IPHONEOS_DEPLOYMENT_TARGET = 15.0;
				LD_RUNPATH_SEARCH_PATHS = (
					"$(inherited)",
					"@executable_path/Frameworks",
					"@loader_path/Frameworks",
				);
				MARKETING_VERSION = 1.0;
				PRODUCT_BUNDLE_IDENTIFIER = com.metropolitan.MuseumAppTests;
				PRODUCT_NAME = "$(TARGET_NAME)";
				SWIFT_EMIT_LOC_STRINGS = NO;
				SWIFT_VERSION = 5.0;
				TARGETED_DEVICE_FAMILY = "1,2";
				TEST_HOST = "$(BUILT_PRODUCTS_DIR)/MuseumApp.app/MuseumApp";
			};
			name = Debug;
		};
		2D5726EF27701C61005FC90E /* Release */ = {
			isa = XCBuildConfiguration;
			baseConfigurationReference = F5167E1EF6460B4FF12838E5 /* Pods-MuseumAppTests.release.xcconfig */;
			buildSettings = {
				ALWAYS_EMBED_SWIFT_STANDARD_LIBRARIES = YES;
				BUNDLE_LOADER = "$(TEST_HOST)";
				CODE_SIGN_STYLE = Automatic;
				CURRENT_PROJECT_VERSION = 1;
				DEVELOPMENT_TEAM = 664343KK2F;
				GENERATE_INFOPLIST_FILE = YES;
				IPHONEOS_DEPLOYMENT_TARGET = 15.0;
				LD_RUNPATH_SEARCH_PATHS = (
					"$(inherited)",
					"@executable_path/Frameworks",
					"@loader_path/Frameworks",
				);
				MARKETING_VERSION = 1.0;
				PRODUCT_BUNDLE_IDENTIFIER = com.metropolitan.MuseumAppTests;
				PRODUCT_NAME = "$(TARGET_NAME)";
				SWIFT_EMIT_LOC_STRINGS = NO;
				SWIFT_VERSION = 5.0;
				TARGETED_DEVICE_FAMILY = "1,2";
				TEST_HOST = "$(BUILT_PRODUCTS_DIR)/MuseumApp.app/MuseumApp";
			};
			name = Release;
		};
		2D5726F127701C61005FC90E /* Debug */ = {
			isa = XCBuildConfiguration;
			baseConfigurationReference = 5A5C6275216514E665311DD2 /* Pods-MuseumApp-MuseumAppUITests.debug.xcconfig */;
			buildSettings = {
				ALWAYS_EMBED_SWIFT_STANDARD_LIBRARIES = YES;
				CODE_SIGN_STYLE = Automatic;
				CURRENT_PROJECT_VERSION = 1;
				DEVELOPMENT_TEAM = 664343KK2F;
				GENERATE_INFOPLIST_FILE = YES;
				LD_RUNPATH_SEARCH_PATHS = (
					"$(inherited)",
					"@executable_path/Frameworks",
					"@loader_path/Frameworks",
				);
				MARKETING_VERSION = 1.0;
				PRODUCT_BUNDLE_IDENTIFIER = com.metropolitan.MuseumAppUITests;
				PRODUCT_NAME = "$(TARGET_NAME)";
				SWIFT_EMIT_LOC_STRINGS = NO;
				SWIFT_VERSION = 5.0;
				TARGETED_DEVICE_FAMILY = "1,2";
				TEST_TARGET_NAME = MuseumApp;
			};
			name = Debug;
		};
		2D5726F227701C61005FC90E /* Release */ = {
			isa = XCBuildConfiguration;
			baseConfigurationReference = EAACEC6D83370971620F734E /* Pods-MuseumApp-MuseumAppUITests.release.xcconfig */;
			buildSettings = {
				ALWAYS_EMBED_SWIFT_STANDARD_LIBRARIES = YES;
				CODE_SIGN_STYLE = Automatic;
				CURRENT_PROJECT_VERSION = 1;
				DEVELOPMENT_TEAM = 664343KK2F;
				GENERATE_INFOPLIST_FILE = YES;
				LD_RUNPATH_SEARCH_PATHS = (
					"$(inherited)",
					"@executable_path/Frameworks",
					"@loader_path/Frameworks",
				);
				MARKETING_VERSION = 1.0;
				PRODUCT_BUNDLE_IDENTIFIER = com.metropolitan.MuseumAppUITests;
				PRODUCT_NAME = "$(TARGET_NAME)";
				SWIFT_EMIT_LOC_STRINGS = NO;
				SWIFT_VERSION = 5.0;
				TARGETED_DEVICE_FAMILY = "1,2";
				TEST_TARGET_NAME = MuseumApp;
			};
			name = Release;
		};
/* End XCBuildConfiguration section */

/* Begin XCConfigurationList section */
		2D5726BB27701C5E005FC90E /* Build configuration list for PBXProject "MuseumApp" */ = {
			isa = XCConfigurationList;
			buildConfigurations = (
				2D5726E827701C61005FC90E /* Debug */,
				2D5726E927701C61005FC90E /* Release */,
			);
			defaultConfigurationIsVisible = 0;
			defaultConfigurationName = Release;
		};
		2D5726EA27701C61005FC90E /* Build configuration list for PBXNativeTarget "MuseumApp" */ = {
			isa = XCConfigurationList;
			buildConfigurations = (
				2D5726EB27701C61005FC90E /* Debug */,
				2D5726EC27701C61005FC90E /* Release */,
			);
			defaultConfigurationIsVisible = 0;
			defaultConfigurationName = Release;
		};
		2D5726ED27701C61005FC90E /* Build configuration list for PBXNativeTarget "MuseumAppTests" */ = {
			isa = XCConfigurationList;
			buildConfigurations = (
				2D5726EE27701C61005FC90E /* Debug */,
				2D5726EF27701C61005FC90E /* Release */,
			);
			defaultConfigurationIsVisible = 0;
			defaultConfigurationName = Release;
		};
		2D5726F027701C61005FC90E /* Build configuration list for PBXNativeTarget "MuseumAppUITests" */ = {
			isa = XCConfigurationList;
			buildConfigurations = (
				2D5726F127701C61005FC90E /* Debug */,
				2D5726F227701C61005FC90E /* Release */,
			);
			defaultConfigurationIsVisible = 0;
			defaultConfigurationName = Release;
		};
/* End XCConfigurationList section */
	};
	rootObject = 2D5726B827701C5E005FC90E /* Project object */;
}
